
Microsoft Visual Studio Solution File, Format Version 12.00
# Visual Studio Version 16
VisualStudioVersion = 16.0.30804.86
MinimumVisualStudioVersion = 10.0.40219.1
Project("{9A19103F-16F7-4668-BE54-9A1E7A4F7556}") = "CVWebApi", "CVWebApi\CVWebApi.csproj", "{C44363F1-5378-47CC-BEFA-60E752F69BB2}"
EndProject
Global
	GlobalSection(SolutionConfigurationPlatforms) = preSolution
		Debug|Any CPU = Debug|Any CPU
		Release|Any CPU = Release|Any CPU
	EndGlobalSection
	GlobalSection(ProjectConfigurationPlatforms) = postSolution
		{C44363F1-5378-47CC-BEFA-60E752F69BB2}.Debug|Any CPU.ActiveCfg = Debug|Any CPU
		{C44363F1-5378-47CC-BEFA-60E752F69BB2}.Debug|Any CPU.Build.0 = Debug|Any CPU
		{C44363F1-5378-47CC-BEFA-60E752F69BB2}.Release|Any CPU.ActiveCfg = Release|Any CPU
		{C44363F1-5378-47CC-BEFA-60E752F69BB2}.Release|Any CPU.Build.0 = Release|Any CPU
	EndGlobalSection
	GlobalSection(SolutionProperties) = preSolution
		HideSolutionNode = FALSE
	EndGlobalSection
	GlobalSection(ExtensibilityGlobals) = postSolution
		SolutionGuid = {CBC48A87-C766-49FB-9E4A-081E5F045269}
	EndGlobalSection
EndGlobal
